Microsoft Visual Studio Solution File, Format Version 12.00
# Visual Studio 2012
Project("{2150E333-8FDC-42A3-9474-1A3956D46DE8}") = "Solution Items", "Solution Items", "{2EC7A95C-7017-432F-A22C-7CFA98BBF599}"
	ProjectSection(SolutionItems) = preProject
		DataDebug.vsmdi = DataDebug.vsmdi
		Local.testsettings = Local.testsettings
		TraceAndTestImpact.testsettings = TraceAndTestImpact.testsettings
	EndProjectSection
EndProject
Project("{FAE04EC0-301F-11D3-BF4B-00C04F79EFBC}") = "DataDebug", "DataDebug.csproj", "{226CD70A-A5EF-4006-B915-004A75EA41A4}"
EndProject
Project("{FAE04EC0-301F-11D3-BF4B-00C04F79EFBC}") = "CheckCellTests", "CheckCellTests\CheckCellTests.csproj", "{3FBCC9B4-39BB-4CF3-9C4F-48A74FEA3223}"
EndProject
Project("{FAE04EC0-301F-11D3-BF4B-00C04F79EFBC}") = "DataDebugMethods", "DataDebugMethods\DataDebugMethods.csproj", "{64DBF1B4-B0B7-4490-8C7C-2DEEA22CB25A}"
EndProject
Project("{FAE04EC0-301F-11D3-BF4B-00C04F79EFBC}") = "UserSimulation", "UserSimulation\UserSimulation.csproj", "{CB1AADE6-AD72-4AE5-AAA8-351CEBC61236}"
EndProject
Project("{F2A71F9B-5D33-465A-A702-920D77279786}") = "LongestCommonSubsequence", "LongestCommonSubsequence\LongestCommonSubsequence.fsproj", "{E3B87CAD-521F-41EA-B3E8-ECD0D7D5074B}"
EndProject
Project("{F2A71F9B-5D33-465A-A702-920D77279786}") = "ExcelParser", "parcel\Parcel\ExcelParser.fsproj", "{6DE2A2B9-C029-4BDB-8992-D16276471D9F}"
EndProject
Project("{F2A71F9B-5D33-465A-A702-920D77279786}") = "ExcelParserConsole", "parcel\ParcelConsole\ExcelParserConsole.fsproj", "{EB5D17BF-060E-41FE-AB6E-E916D68FCBA4}"
EndProject
Project("{F2A71F9B-5D33-465A-A702-920D77279786}") = "SimulationApp", "SimulationApp\SimulationApp.fsproj", "{02D0177A-7078-4C4C-B15B-E44FC1263341}"
EndProject
Project("{F2A71F9B-5D33-465A-A702-920D77279786}") = "MTurkParser", "MTurkParser\MTurkParser.fsproj", "{5C2DEF3E-A805-49A2-B88A-8EB59F6974DC}"
EndProject
Project("{6141683F-8A12-4E36-9623-2EB02B2C2303}") = "CheckCellSetup", "CheckCellSetup\CheckCellSetup.isproj", "{56F32AE9-2697-4F96-9AA8-7D5B093F7CF6}"
EndProject
Global
	GlobalSection(TestCaseManagementSettings) = postSolution
		CategoryFile = DataDebug.vsmdi
	EndGlobalSection
	GlobalSection(SolutionConfigurationPlatforms) = preSolution
		CD_ROM|Any CPU = CD_ROM|Any CPU
		CD_ROM|Mixed Platforms = CD_ROM|Mixed Platforms
		CD_ROM|x86 = CD_ROM|x86
		Debug|Any CPU = Debug|Any CPU
		Debug|Mixed Platforms = Debug|Mixed Platforms
		Debug|x86 = Debug|x86
		DVD-5|Any CPU = DVD-5|Any CPU
		DVD-5|Mixed Platforms = DVD-5|Mixed Platforms
		DVD-5|x86 = DVD-5|x86
		Release|Any CPU = Release|Any CPU
		Release|Mixed Platforms = Release|Mixed Platforms
		Release|x86 = Release|x86
		SingleImage|Any CPU = SingleImage|Any CPU
		SingleImage|Mixed Platforms = SingleImage|Mixed Platforms
		SingleImage|x86 = SingleImage|x86
	EndGlobalSection
	GlobalSection(ProjectConfigurationPlatforms) = postSolution
		{226CD70A-A5EF-4006-B915-004A75EA41A4}.CD_ROM|Any CPU.ActiveCfg = Release|Any CPU
		{226CD70A-A5EF-4006-B915-004A75EA41A4}.CD_ROM|Any CPU.Build.0 = Release|Any CPU
		{226CD70A-A5EF-4006-B915-004A75EA41A4}.CD_ROM|Mixed Platforms.ActiveCfg = Release|Any CPU
		{226CD70A-A5EF-4006-B915-004A75EA41A4}.CD_ROM|Mixed Platforms.Build.0 = Release|Any CPU
		{226CD70A-A5EF-4006-B915-004A75EA41A4}.CD_ROM|x86.ActiveCfg = Release|Any CPU
		{226CD70A-A5EF-4006-B915-004A75EA41A4}.Debug|Any CPU.ActiveCfg = Debug|Any CPU
		{226CD70A-A5EF-4006-B915-004A75EA41A4}.Debug|Any CPU.Build.0 = Debug|Any CPU
		{226CD70A-A5EF-4006-B915-004A75EA41A4}.Debug|Mixed Platforms.ActiveCfg = Debug|Any CPU
		{226CD70A-A5EF-4006-B915-004A75EA41A4}.Debug|Mixed Platforms.Build.0 = Debug|Any CPU
		{226CD70A-A5EF-4006-B915-004A75EA41A4}.Debug|x86.ActiveCfg = Debug|Any CPU
		{226CD70A-A5EF-4006-B915-004A75EA41A4}.DVD-5|Any CPU.ActiveCfg = Debug|Any CPU
		{226CD70A-A5EF-4006-B915-004A75EA41A4}.DVD-5|Any CPU.Build.0 = Debug|Any CPU
		{226CD70A-A5EF-4006-B915-004A75EA41A4}.DVD-5|Mixed Platforms.ActiveCfg = Debug|Any CPU
		{226CD70A-A5EF-4006-B915-004A75EA41A4}.DVD-5|Mixed Platforms.Build.0 = Debug|Any CPU
		{226CD70A-A5EF-4006-B915-004A75EA41A4}.DVD-5|x86.ActiveCfg = Debug|Any CPU
		{226CD70A-A5EF-4006-B915-004A75EA41A4}.Release|Any CPU.ActiveCfg = Release|Any CPU
		{226CD70A-A5EF-4006-B915-004A75EA41A4}.Release|Any CPU.Build.0 = Release|Any CPU
		{226CD70A-A5EF-4006-B915-004A75EA41A4}.Release|Mixed Platforms.ActiveCfg = Release|Any CPU
		{226CD70A-A5EF-4006-B915-004A75EA41A4}.Release|Mixed Platforms.Build.0 = Release|Any CPU
		{226CD70A-A5EF-4006-B915-004A75EA41A4}.Release|x86.ActiveCfg = Release|Any CPU
		{226CD70A-A5EF-4006-B915-004A75EA41A4}.SingleImage|Any CPU.ActiveCfg = Release|Any CPU
		{226CD70A-A5EF-4006-B915-004A75EA41A4}.SingleImage|Any CPU.Build.0 = Release|Any CPU
		{226CD70A-A5EF-4006-B915-004A75EA41A4}.SingleImage|Mixed Platforms.ActiveCfg = Release|Any CPU
		{226CD70A-A5EF-4006-B915-004A75EA41A4}.SingleImage|Mixed Platforms.Build.0 = Release|Any CPU
		{226CD70A-A5EF-4006-B915-004A75EA41A4}.SingleImage|x86.ActiveCfg = Release|Any CPU
		{3FBCC9B4-39BB-4CF3-9C4F-48A74FEA3223}.CD_ROM|Any CPU.ActiveCfg = Release|Any CPU
		{3FBCC9B4-39BB-4CF3-9C4F-48A74FEA3223}.CD_ROM|Any CPU.Build.0 = Release|Any CPU
		{3FBCC9B4-39BB-4CF3-9C4F-48A74FEA3223}.CD_ROM|Mixed Platforms.ActiveCfg = Release|Any CPU
		{3FBCC9B4-39BB-4CF3-9C4F-48A74FEA3223}.CD_ROM|Mixed Platforms.Build.0 = Release|Any CPU
		{3FBCC9B4-39BB-4CF3-9C4F-48A74FEA3223}.CD_ROM|x86.ActiveCfg = Release|Any CPU
		{3FBCC9B4-39BB-4CF3-9C4F-48A74FEA3223}.Debug|Any CPU.ActiveCfg = Debug|Any CPU
		{3FBCC9B4-39BB-4CF3-9C4F-48A74FEA3223}.Debug|Any CPU.Build.0 = Debug|Any CPU
		{3FBCC9B4-39BB-4CF3-9C4F-48A74FEA3223}.Debug|Mixed Platforms.ActiveCfg = Debug|Any CPU
		{3FBCC9B4-39BB-4CF3-9C4F-48A74FEA3223}.Debug|Mixed Platforms.Build.0 = Debug|Any CPU
		{3FBCC9B4-39BB-4CF3-9C4F-48A74FEA3223}.Debug|x86.ActiveCfg = Debug|Any CPU
		{3FBCC9B4-39BB-4CF3-9C4F-48A74FEA3223}.DVD-5|Any CPU.ActiveCfg = Debug|Any CPU
		{3FBCC9B4-39BB-4CF3-9C4F-48A74FEA3223}.DVD-5|Any CPU.Build.0 = Debug|Any CPU
		{3FBCC9B4-39BB-4CF3-9C4F-48A74FEA3223}.DVD-5|Mixed Platforms.ActiveCfg = Debug|Any CPU
		{3FBCC9B4-39BB-4CF3-9C4F-48A74FEA3223}.DVD-5|Mixed Platforms.Build.0 = Debug|Any CPU
		{3FBCC9B4-39BB-4CF3-9C4F-48A74FEA3223}.DVD-5|x86.ActiveCfg = Debug|Any CPU
		{3FBCC9B4-39BB-4CF3-9C4F-48A74FEA3223}.Release|Any CPU.ActiveCfg = Release|Any CPU
		{3FBCC9B4-39BB-4CF3-9C4F-48A74FEA3223}.Release|Any CPU.Build.0 = Release|Any CPU
		{3FBCC9B4-39BB-4CF3-9C4F-48A74FEA3223}.Release|Mixed Platforms.ActiveCfg = Release|Any CPU
		{3FBCC9B4-39BB-4CF3-9C4F-48A74FEA3223}.Release|Mixed Platforms.Build.0 = Release|Any CPU
		{3FBCC9B4-39BB-4CF3-9C4F-48A74FEA3223}.Release|x86.ActiveCfg = Release|Any CPU
		{3FBCC9B4-39BB-4CF3-9C4F-48A74FEA3223}.SingleImage|Any CPU.ActiveCfg = Release|Any CPU
		{3FBCC9B4-39BB-4CF3-9C4F-48A74FEA3223}.SingleImage|Any CPU.Build.0 = Release|Any CPU
		{3FBCC9B4-39BB-4CF3-9C4F-48A74FEA3223}.SingleImage|Mixed Platforms.ActiveCfg = Release|Any CPU
		{3FBCC9B4-39BB-4CF3-9C4F-48A74FEA3223}.SingleImage|Mixed Platforms.Build.0 = Release|Any CPU
		{3FBCC9B4-39BB-4CF3-9C4F-48A74FEA3223}.SingleImage|x86.ActiveCfg = Release|Any CPU
		{64DBF1B4-B0B7-4490-8C7C-2DEEA22CB25A}.CD_ROM|Any CPU.ActiveCfg = Release|Any CPU
		{64DBF1B4-B0B7-4490-8C7C-2DEEA22CB25A}.CD_ROM|Any CPU.Build.0 = Release|Any CPU
		{64DBF1B4-B0B7-4490-8C7C-2DEEA22CB25A}.CD_ROM|Mixed Platforms.ActiveCfg = Release|Any CPU
		{64DBF1B4-B0B7-4490-8C7C-2DEEA22CB25A}.CD_ROM|Mixed Platforms.Build.0 = Release|Any CPU
		{64DBF1B4-B0B7-4490-8C7C-2DEEA22CB25A}.CD_ROM|x86.ActiveCfg = Release|Any CPU
		{64DBF1B4-B0B7-4490-8C7C-2DEEA22CB25A}.Debug|Any CPU.ActiveCfg = Debug|Any CPU
		{64DBF1B4-B0B7-4490-8C7C-2DEEA22CB25A}.Debug|Any CPU.Build.0 = Debug|Any CPU
		{64DBF1B4-B0B7-4490-8C7C-2DEEA22CB25A}.Debug|Mixed Platforms.ActiveCfg = Debug|Any CPU
		{64DBF1B4-B0B7-4490-8C7C-2DEEA22CB25A}.Debug|Mixed Platforms.Build.0 = Debug|Any CPU
		{64DBF1B4-B0B7-4490-8C7C-2DEEA22CB25A}.Debug|x86.ActiveCfg = Debug|Any CPU
		{64DBF1B4-B0B7-4490-8C7C-2DEEA22CB25A}.DVD-5|Any CPU.ActiveCfg = Debug|Any CPU
		{64DBF1B4-B0B7-4490-8C7C-2DEEA22CB25A}.DVD-5|Any CPU.Build.0 = Debug|Any CPU
		{64DBF1B4-B0B7-4490-8C7C-2DEEA22CB25A}.DVD-5|Mixed Platforms.ActiveCfg = Debug|Any CPU
		{64DBF1B4-B0B7-4490-8C7C-2DEEA22CB25A}.DVD-5|Mixed Platforms.Build.0 = Debug|Any CPU
		{64DBF1B4-B0B7-4490-8C7C-2DEEA22CB25A}.DVD-5|x86.ActiveCfg = Debug|Any CPU
		{64DBF1B4-B0B7-4490-8C7C-2DEEA22CB25A}.Release|Any CPU.ActiveCfg = Release|Any CPU
		{64DBF1B4-B0B7-4490-8C7C-2DEEA22CB25A}.Release|Any CPU.Build.0 = Release|Any CPU
		{64DBF1B4-B0B7-4490-8C7C-2DEEA22CB25A}.Release|Mixed Platforms.ActiveCfg = Release|Any CPU
		{64DBF1B4-B0B7-4490-8C7C-2DEEA22CB25A}.Release|Mixed Platforms.Build.0 = Release|Any CPU
		{64DBF1B4-B0B7-4490-8C7C-2DEEA22CB25A}.Release|x86.ActiveCfg = Release|Any CPU
		{64DBF1B4-B0B7-4490-8C7C-2DEEA22CB25A}.SingleImage|Any CPU.ActiveCfg = Release|Any CPU
		{64DBF1B4-B0B7-4490-8C7C-2DEEA22CB25A}.SingleImage|Any CPU.Build.0 = Release|Any CPU
		{64DBF1B4-B0B7-4490-8C7C-2DEEA22CB25A}.SingleImage|Mixed Platforms.ActiveCfg = Release|Any CPU
		{64DBF1B4-B0B7-4490-8C7C-2DEEA22CB25A}.SingleImage|Mixed Platforms.Build.0 = Release|Any CPU
		{64DBF1B4-B0B7-4490-8C7C-2DEEA22CB25A}.SingleImage|x86.ActiveCfg = Release|Any CPU
		{CB1AADE6-AD72-4AE5-AAA8-351CEBC61236}.CD_ROM|Any CPU.ActiveCfg = Release|Any CPU
		{CB1AADE6-AD72-4AE5-AAA8-351CEBC61236}.CD_ROM|Any CPU.Build.0 = Release|Any CPU
		{CB1AADE6-AD72-4AE5-AAA8-351CEBC61236}.CD_ROM|Mixed Platforms.ActiveCfg = Release|Any CPU
		{CB1AADE6-AD72-4AE5-AAA8-351CEBC61236}.CD_ROM|Mixed Platforms.Build.0 = Release|Any CPU
		{CB1AADE6-AD72-4AE5-AAA8-351CEBC61236}.CD_ROM|x86.ActiveCfg = Release|Any CPU
		{CB1AADE6-AD72-4AE5-AAA8-351CEBC61236}.Debug|Any CPU.ActiveCfg = Debug|Any CPU
		{CB1AADE6-AD72-4AE5-AAA8-351CEBC61236}.Debug|Any CPU.Build.0 = Debug|Any CPU
		{CB1AADE6-AD72-4AE5-AAA8-351CEBC61236}.Debug|Mixed Platforms.ActiveCfg = Debug|Any CPU
		{CB1AADE6-AD72-4AE5-AAA8-351CEBC61236}.Debug|Mixed Platforms.Build.0 = Debug|Any CPU
		{CB1AADE6-AD72-4AE5-AAA8-351CEBC61236}.Debug|x86.ActiveCfg = Debug|Any CPU
		{CB1AADE6-AD72-4AE5-AAA8-351CEBC61236}.DVD-5|Any CPU.ActiveCfg = Debug|Any CPU
		{CB1AADE6-AD72-4AE5-AAA8-351CEBC61236}.DVD-5|Any CPU.Build.0 = Debug|Any CPU
		{CB1AADE6-AD72-4AE5-AAA8-351CEBC61236}.DVD-5|Mixed Platforms.ActiveCfg = Debug|Any CPU
		{CB1AADE6-AD72-4AE5-AAA8-351CEBC61236}.DVD-5|Mixed Platforms.Build.0 = Debug|Any CPU
		{CB1AADE6-AD72-4AE5-AAA8-351CEBC61236}.DVD-5|x86.ActiveCfg = Debug|Any CPU
		{CB1AADE6-AD72-4AE5-AAA8-351CEBC61236}.Release|Any CPU.ActiveCfg = Release|Any CPU
		{CB1AADE6-AD72-4AE5-AAA8-351CEBC61236}.Release|Any CPU.Build.0 = Release|Any CPU
		{CB1AADE6-AD72-4AE5-AAA8-351CEBC61236}.Release|Mixed Platforms.ActiveCfg = Release|Any CPU
		{CB1AADE6-AD72-4AE5-AAA8-351CEBC61236}.Release|Mixed Platforms.Build.0 = Release|Any CPU
		{CB1AADE6-AD72-4AE5-AAA8-351CEBC61236}.Release|x86.ActiveCfg = Release|Any CPU
		{CB1AADE6-AD72-4AE5-AAA8-351CEBC61236}.SingleImage|Any CPU.ActiveCfg = Release|Any CPU
		{CB1AADE6-AD72-4AE5-AAA8-351CEBC61236}.SingleImage|Any CPU.Build.0 = Release|Any CPU
		{CB1AADE6-AD72-4AE5-AAA8-351CEBC61236}.SingleImage|Mixed Platforms.ActiveCfg = Release|Any CPU
		{CB1AADE6-AD72-4AE5-AAA8-351CEBC61236}.SingleImage|Mixed Platforms.Build.0 = Release|Any CPU
		{CB1AADE6-AD72-4AE5-AAA8-351CEBC61236}.SingleImage|x86.ActiveCfg = Release|Any CPU
		{E3B87CAD-521F-41EA-B3E8-ECD0D7D5074B}.CD_ROM|Any CPU.ActiveCfg = Release|Any CPU
		{E3B87CAD-521F-41EA-B3E8-ECD0D7D5074B}.CD_ROM|Any CPU.Build.0 = Release|Any CPU
		{E3B87CAD-521F-41EA-B3E8-ECD0D7D5074B}.CD_ROM|Mixed Platforms.ActiveCfg = Release|Any CPU
		{E3B87CAD-521F-41EA-B3E8-ECD0D7D5074B}.CD_ROM|Mixed Platforms.Build.0 = Release|Any CPU
		{E3B87CAD-521F-41EA-B3E8-ECD0D7D5074B}.CD_ROM|x86.ActiveCfg = Release|Any CPU
		{E3B87CAD-521F-41EA-B3E8-ECD0D7D5074B}.Debug|Any CPU.ActiveCfg = Debug|Any CPU
		{E3B87CAD-521F-41EA-B3E8-ECD0D7D5074B}.Debug|Any CPU.Build.0 = Debug|Any CPU
		{E3B87CAD-521F-41EA-B3E8-ECD0D7D5074B}.Debug|Mixed Platforms.ActiveCfg = Debug|Any CPU
		{E3B87CAD-521F-41EA-B3E8-ECD0D7D5074B}.Debug|Mixed Platforms.Build.0 = Debug|Any CPU
		{E3B87CAD-521F-41EA-B3E8-ECD0D7D5074B}.Debug|x86.ActiveCfg = Debug|Any CPU
		{E3B87CAD-521F-41EA-B3E8-ECD0D7D5074B}.DVD-5|Any CPU.ActiveCfg = Debug|Any CPU
		{E3B87CAD-521F-41EA-B3E8-ECD0D7D5074B}.DVD-5|Any CPU.Build.0 = Debug|Any CPU
		{E3B87CAD-521F-41EA-B3E8-ECD0D7D5074B}.DVD-5|Mixed Platforms.ActiveCfg = Debug|Any CPU
		{E3B87CAD-521F-41EA-B3E8-ECD0D7D5074B}.DVD-5|Mixed Platforms.Build.0 = Debug|Any CPU
		{E3B87CAD-521F-41EA-B3E8-ECD0D7D5074B}.DVD-5|x86.ActiveCfg = Debug|Any CPU
		{E3B87CAD-521F-41EA-B3E8-ECD0D7D5074B}.Release|Any CPU.ActiveCfg = Release|Any CPU
		{E3B87CAD-521F-41EA-B3E8-ECD0D7D5074B}.Release|Any CPU.Build.0 = Release|Any CPU
		{E3B87CAD-521F-41EA-B3E8-ECD0D7D5074B}.Release|Mixed Platforms.ActiveCfg = Release|Any CPU
		{E3B87CAD-521F-41EA-B3E8-ECD0D7D5074B}.Release|Mixed Platforms.Build.0 = Release|Any CPU
		{E3B87CAD-521F-41EA-B3E8-ECD0D7D5074B}.Release|x86.ActiveCfg = Release|Any CPU
		{E3B87CAD-521F-41EA-B3E8-ECD0D7D5074B}.SingleImage|Any CPU.ActiveCfg = Release|Any CPU
		{E3B87CAD-521F-41EA-B3E8-ECD0D7D5074B}.SingleImage|Any CPU.Build.0 = Release|Any CPU
		{E3B87CAD-521F-41EA-B3E8-ECD0D7D5074B}.SingleImage|Mixed Platforms.ActiveCfg = Release|Any CPU
		{E3B87CAD-521F-41EA-B3E8-ECD0D7D5074B}.SingleImage|Mixed Platforms.Build.0 = Release|Any CPU
		{E3B87CAD-521F-41EA-B3E8-ECD0D7D5074B}.SingleImage|x86.ActiveCfg = Release|Any CPU
		{6DE2A2B9-C029-4BDB-8992-D16276471D9F}.CD_ROM|Any CPU.ActiveCfg = Release|Any CPU
		{6DE2A2B9-C029-4BDB-8992-D16276471D9F}.CD_ROM|Any CPU.Build.0 = Release|Any CPU
		{6DE2A2B9-C029-4BDB-8992-D16276471D9F}.CD_ROM|Mixed Platforms.ActiveCfg = Release|Any CPU
		{6DE2A2B9-C029-4BDB-8992-D16276471D9F}.CD_ROM|Mixed Platforms.Build.0 = Release|Any CPU
		{6DE2A2B9-C029-4BDB-8992-D16276471D9F}.CD_ROM|x86.ActiveCfg = Release|Any CPU
		{6DE2A2B9-C029-4BDB-8992-D16276471D9F}.Debug|Any CPU.ActiveCfg = Debug|Any CPU
		{6DE2A2B9-C029-4BDB-8992-D16276471D9F}.Debug|Any CPU.Build.0 = Debug|Any CPU
		{6DE2A2B9-C029-4BDB-8992-D16276471D9F}.Debug|Mixed Platforms.ActiveCfg = Debug|Any CPU
		{6DE2A2B9-C029-4BDB-8992-D16276471D9F}.Debug|Mixed Platforms.Build.0 = Debug|Any CPU
		{6DE2A2B9-C029-4BDB-8992-D16276471D9F}.Debug|x86.ActiveCfg = Debug|Any CPU
		{6DE2A2B9-C029-4BDB-8992-D16276471D9F}.DVD-5|Any CPU.ActiveCfg = Debug|Any CPU
		{6DE2A2B9-C029-4BDB-8992-D16276471D9F}.DVD-5|Any CPU.Build.0 = Debug|Any CPU
		{6DE2A2B9-C029-4BDB-8992-D16276471D9F}.DVD-5|Mixed Platforms.ActiveCfg = Debug|Any CPU
		{6DE2A2B9-C029-4BDB-8992-D16276471D9F}.DVD-5|Mixed Platforms.Build.0 = Debug|Any CPU
		{6DE2A2B9-C029-4BDB-8992-D16276471D9F}.DVD-5|x86.ActiveCfg = Debug|Any CPU
		{6DE2A2B9-C029-4BDB-8992-D16276471D9F}.Release|Any CPU.ActiveCfg = Release|Any CPU
		{6DE2A2B9-C029-4BDB-8992-D16276471D9F}.Release|Any CPU.Build.0 = Release|Any CPU
		{6DE2A2B9-C029-4BDB-8992-D16276471D9F}.Release|Mixed Platforms.ActiveCfg = Release|Any CPU
		{6DE2A2B9-C029-4BDB-8992-D16276471D9F}.Release|Mixed Platforms.Build.0 = Release|Any CPU
		{6DE2A2B9-C029-4BDB-8992-D16276471D9F}.Release|x86.ActiveCfg = Release|Any CPU
		{6DE2A2B9-C029-4BDB-8992-D16276471D9F}.SingleImage|Any CPU.ActiveCfg = Release|Any CPU
		{6DE2A2B9-C029-4BDB-8992-D16276471D9F}.SingleImage|Any CPU.Build.0 = Release|Any CPU
		{6DE2A2B9-C029-4BDB-8992-D16276471D9F}.SingleImage|Mixed Platforms.ActiveCfg = Release|Any CPU
		{6DE2A2B9-C029-4BDB-8992-D16276471D9F}.SingleImage|Mixed Platforms.Build.0 = Release|Any CPU
		{6DE2A2B9-C029-4BDB-8992-D16276471D9F}.SingleImage|x86.ActiveCfg = Release|Any CPU
		{EB5D17BF-060E-41FE-AB6E-E916D68FCBA4}.CD_ROM|Any CPU.ActiveCfg = Release|Any CPU
		{EB5D17BF-060E-41FE-AB6E-E916D68FCBA4}.CD_ROM|Any CPU.Build.0 = Release|Any CPU
		{EB5D17BF-060E-41FE-AB6E-E916D68FCBA4}.CD_ROM|Mixed Platforms.ActiveCfg = Release|x86
		{EB5D17BF-060E-41FE-AB6E-E916D68FCBA4}.CD_ROM|Mixed Platforms.Build.0 = Release|x86
		{EB5D17BF-060E-41FE-AB6E-E916D68FCBA4}.CD_ROM|x86.ActiveCfg = Release|x86
		{EB5D17BF-060E-41FE-AB6E-E916D68FCBA4}.CD_ROM|x86.Build.0 = Release|x86
		{EB5D17BF-060E-41FE-AB6E-E916D68FCBA4}.Debug|Any CPU.ActiveCfg = Debug|Any CPU
		{EB5D17BF-060E-41FE-AB6E-E916D68FCBA4}.Debug|Any CPU.Build.0 = Debug|Any CPU
		{EB5D17BF-060E-41FE-AB6E-E916D68FCBA4}.Debug|Mixed Platforms.ActiveCfg = Debug|x86
		{EB5D17BF-060E-41FE-AB6E-E916D68FCBA4}.Debug|Mixed Platforms.Build.0 = Debug|x86
		{EB5D17BF-060E-41FE-AB6E-E916D68FCBA4}.Debug|x86.ActiveCfg = Debug|x86
		{EB5D17BF-060E-41FE-AB6E-E916D68FCBA4}.Debug|x86.Build.0 = Debug|x86
		{EB5D17BF-060E-41FE-AB6E-E916D68FCBA4}.DVD-5|Any CPU.ActiveCfg = Debug|Any CPU
		{EB5D17BF-060E-41FE-AB6E-E916D68FCBA4}.DVD-5|Any CPU.Build.0 = Debug|Any CPU
		{EB5D17BF-060E-41FE-AB6E-E916D68FCBA4}.DVD-5|Mixed Platforms.ActiveCfg = Debug|x86
		{EB5D17BF-060E-41FE-AB6E-E916D68FCBA4}.DVD-5|Mixed Platforms.Build.0 = Debug|x86
		{EB5D17BF-060E-41FE-AB6E-E916D68FCBA4}.DVD-5|x86.ActiveCfg = Debug|x86
		{EB5D17BF-060E-41FE-AB6E-E916D68FCBA4}.DVD-5|x86.Build.0 = Debug|x86
		{EB5D17BF-060E-41FE-AB6E-E916D68FCBA4}.Release|Any CPU.ActiveCfg = Release|Any CPU
		{EB5D17BF-060E-41FE-AB6E-E916D68FCBA4}.Release|Any CPU.Build.0 = Release|Any CPU
		{EB5D17BF-060E-41FE-AB6E-E916D68FCBA4}.Release|Mixed Platforms.ActiveCfg = Release|x86
		{EB5D17BF-060E-41FE-AB6E-E916D68FCBA4}.Release|Mixed Platforms.Build.0 = Release|x86
		{EB5D17BF-060E-41FE-AB6E-E916D68FCBA4}.Release|x86.ActiveCfg = Release|x86
		{EB5D17BF-060E-41FE-AB6E-E916D68FCBA4}.Release|x86.Build.0 = Release|x86
		{EB5D17BF-060E-41FE-AB6E-E916D68FCBA4}.SingleImage|Any CPU.ActiveCfg = Release|Any CPU
		{EB5D17BF-060E-41FE-AB6E-E916D68FCBA4}.SingleImage|Any CPU.Build.0 = Release|Any CPU
		{EB5D17BF-060E-41FE-AB6E-E916D68FCBA4}.SingleImage|Mixed Platforms.ActiveCfg = Release|x86
		{EB5D17BF-060E-41FE-AB6E-E916D68FCBA4}.SingleImage|Mixed Platforms.Build.0 = Release|x86
		{EB5D17BF-060E-41FE-AB6E-E916D68FCBA4}.SingleImage|x86.ActiveCfg = Release|x86
		{EB5D17BF-060E-41FE-AB6E-E916D68FCBA4}.SingleImage|x86.Build.0 = Release|x86
		{02D0177A-7078-4C4C-B15B-E44FC1263341}.CD_ROM|Any CPU.ActiveCfg = Release|Any CPU
		{02D0177A-7078-4C4C-B15B-E44FC1263341}.CD_ROM|Any CPU.Build.0 = Release|Any CPU
		{02D0177A-7078-4C4C-B15B-E44FC1263341}.CD_ROM|Mixed Platforms.ActiveCfg = Release|Any CPU
		{02D0177A-7078-4C4C-B15B-E44FC1263341}.CD_ROM|Mixed Platforms.Build.0 = Release|Any CPU
		{02D0177A-7078-4C4C-B15B-E44FC1263341}.CD_ROM|x86.ActiveCfg = Release|Any CPU
		{02D0177A-7078-4C4C-B15B-E44FC1263341}.Debug|Any CPU.ActiveCfg = Debug|Any CPU
		{02D0177A-7078-4C4C-B15B-E44FC1263341}.Debug|Any CPU.Build.0 = Debug|Any CPU
		{02D0177A-7078-4C4C-B15B-E44FC1263341}.Debug|Mixed Platforms.ActiveCfg = Debug|Any CPU
		{02D0177A-7078-4C4C-B15B-E44FC1263341}.Debug|Mixed Platforms.Build.0 = Debug|Any CPU
		{02D0177A-7078-4C4C-B15B-E44FC1263341}.Debug|x86.ActiveCfg = Debug|Any CPU
		{02D0177A-7078-4C4C-B15B-E44FC1263341}.DVD-5|Any CPU.ActiveCfg = Debug|Any CPU
		{02D0177A-7078-4C4C-B15B-E44FC1263341}.DVD-5|Any CPU.Build.0 = Debug|Any CPU
		{02D0177A-7078-4C4C-B15B-E44FC1263341}.DVD-5|Mixed Platforms.ActiveCfg = Debug|Any CPU
		{02D0177A-7078-4C4C-B15B-E44FC1263341}.DVD-5|Mixed Platforms.Build.0 = Debug|Any CPU
		{02D0177A-7078-4C4C-B15B-E44FC1263341}.DVD-5|x86.ActiveCfg = Debug|Any CPU
		{02D0177A-7078-4C4C-B15B-E44FC1263341}.Release|Any CPU.ActiveCfg = Release|Any CPU
		{02D0177A-7078-4C4C-B15B-E44FC1263341}.Release|Any CPU.Build.0 = Release|Any CPU
		{02D0177A-7078-4C4C-B15B-E44FC1263341}.Release|Mixed Platforms.ActiveCfg = Release|Any CPU
		{02D0177A-7078-4C4C-B15B-E44FC1263341}.Release|Mixed Platforms.Build.0 = Release|Any CPU
		{02D0177A-7078-4C4C-B15B-E44FC1263341}.Release|x86.ActiveCfg = Release|Any CPU
		{02D0177A-7078-4C4C-B15B-E44FC1263341}.SingleImage|Any CPU.ActiveCfg = Release|Any CPU
		{02D0177A-7078-4C4C-B15B-E44FC1263341}.SingleImage|Any CPU.Build.0 = Release|Any CPU
		{02D0177A-7078-4C4C-B15B-E44FC1263341}.SingleImage|Mixed Platforms.ActiveCfg = Release|Any CPU
		{02D0177A-7078-4C4C-B15B-E44FC1263341}.SingleImage|Mixed Platforms.Build.0 = Release|Any CPU
		{02D0177A-7078-4C4C-B15B-E44FC1263341}.SingleImage|x86.ActiveCfg = Release|Any CPU
		{5C2DEF3E-A805-49A2-B88A-8EB59F6974DC}.CD_ROM|Any CPU.ActiveCfg = Release|Any CPU
		{5C2DEF3E-A805-49A2-B88A-8EB59F6974DC}.CD_ROM|Any CPU.Build.0 = Release|Any CPU
		{5C2DEF3E-A805-49A2-B88A-8EB59F6974DC}.CD_ROM|Mixed Platforms.ActiveCfg = Release|Any CPU
		{5C2DEF3E-A805-49A2-B88A-8EB59F6974DC}.CD_ROM|Mixed Platforms.Build.0 = Release|Any CPU
		{5C2DEF3E-A805-49A2-B88A-8EB59F6974DC}.CD_ROM|x86.ActiveCfg = Release|Any CPU
		{5C2DEF3E-A805-49A2-B88A-8EB59F6974DC}.Debug|Any CPU.ActiveCfg = Debug|Any CPU
		{5C2DEF3E-A805-49A2-B88A-8EB59F6974DC}.Debug|Any CPU.Build.0 = Debug|Any CPU
		{5C2DEF3E-A805-49A2-B88A-8EB59F6974DC}.Debug|Mixed Platforms.ActiveCfg = Debug|Any CPU
		{5C2DEF3E-A805-49A2-B88A-8EB59F6974DC}.Debug|Mixed Platforms.Build.0 = Debug|Any CPU
		{5C2DEF3E-A805-49A2-B88A-8EB59F6974DC}.Debug|x86.ActiveCfg = Debug|Any CPU
		{5C2DEF3E-A805-49A2-B88A-8EB59F6974DC}.DVD-5|Any CPU.ActiveCfg = Debug|Any CPU
		{5C2DEF3E-A805-49A2-B88A-8EB59F6974DC}.DVD-5|Any CPU.Build.0 = Debug|Any CPU
		{5C2DEF3E-A805-49A2-B88A-8EB59F6974DC}.DVD-5|Mixed Platforms.ActiveCfg = Debug|Any CPU
		{5C2DEF3E-A805-49A2-B88A-8EB59F6974DC}.DVD-5|Mixed Platforms.Build.0 = Debug|Any CPU
		{5C2DEF3E-A805-49A2-B88A-8EB59F6974DC}.DVD-5|x86.ActiveCfg = Debug|Any CPU
		{5C2DEF3E-A805-49A2-B88A-8EB59F6974DC}.Release|Any CPU.ActiveCfg = Release|Any CPU
		{5C2DEF3E-A805-49A2-B88A-8EB59F6974DC}.Release|Any CPU.Build.0 = Release|Any CPU
		{5C2DEF3E-A805-49A2-B88A-8EB59F6974DC}.Release|Mixed Platforms.ActiveCfg = Release|Any CPU
		{5C2DEF3E-A805-49A2-B88A-8EB59F6974DC}.Release|Mixed Platforms.Build.0 = Release|Any CPU
		{5C2DEF3E-A805-49A2-B88A-8EB59F6974DC}.Release|x86.ActiveCfg = Release|Any CPU
		{5C2DEF3E-A805-49A2-B88A-8EB59F6974DC}.SingleImage|Any CPU.ActiveCfg = Release|Any CPU
		{5C2DEF3E-A805-49A2-B88A-8EB59F6974DC}.SingleImage|Any CPU.Build.0 = Release|Any CPU
		{5C2DEF3E-A805-49A2-B88A-8EB59F6974DC}.SingleImage|Mixed Platforms.ActiveCfg = Release|Any CPU
		{5C2DEF3E-A805-49A2-B88A-8EB59F6974DC}.SingleImage|Mixed Platforms.Build.0 = Release|Any CPU
		{5C2DEF3E-A805-49A2-B88A-8EB59F6974DC}.SingleImage|x86.ActiveCfg = Release|Any CPU
		{56F32AE9-2697-4F96-9AA8-7D5B093F7CF6}.CD_ROM|Any CPU.ActiveCfg = CD_ROM
		{56F32AE9-2697-4F96-9AA8-7D5B093F7CF6}.CD_ROM|Any CPU.Build.0 = CD_ROM
		{56F32AE9-2697-4F96-9AA8-7D5B093F7CF6}.CD_ROM|Mixed Platforms.ActiveCfg = CD_ROM
		{56F32AE9-2697-4F96-9AA8-7D5B093F7CF6}.CD_ROM|x86.ActiveCfg = CD_ROM
		{56F32AE9-2697-4F96-9AA8-7D5B093F7CF6}.CD_ROM|x86.Build.0 = CD_ROM
		{56F32AE9-2697-4F96-9AA8-7D5B093F7CF6}.Debug|Any CPU.ActiveCfg = DVD-5
		{56F32AE9-2697-4F96-9AA8-7D5B093F7CF6}.Debug|Any CPU.Build.0 = DVD-5
		{56F32AE9-2697-4F96-9AA8-7D5B093F7CF6}.Debug|Mixed Platforms.ActiveCfg = SingleImage
		{56F32AE9-2697-4F96-9AA8-7D5B093F7CF6}.Debug|x86.ActiveCfg = DVD-5
		{56F32AE9-2697-4F96-9AA8-7D5B093F7CF6}.Debug|x86.Build.0 = DVD-5
		{56F32AE9-2697-4F96-9AA8-7D5B093F7CF6}.DVD-5|Any CPU.ActiveCfg = DVD-5
		{56F32AE9-2697-4F96-9AA8-7D5B093F7CF6}.DVD-5|Any CPU.Build.0 = DVD-5
		{56F32AE9-2697-4F96-9AA8-7D5B093F7CF6}.DVD-5|Mixed Platforms.ActiveCfg = DVD-5
		{56F32AE9-2697-4F96-9AA8-7D5B093F7CF6}.DVD-5|x86.ActiveCfg = DVD-5
		{56F32AE9-2697-4F96-9AA8-7D5B093F7CF6}.DVD-5|x86.Build.0 = DVD-5
		{56F32AE9-2697-4F96-9AA8-7D5B093F7CF6}.Release|Any CPU.ActiveCfg = SingleImage
		{56F32AE9-2697-4F96-9AA8-7D5B093F7CF6}.Release|Any CPU.Build.0 = SingleImage
		{56F32AE9-2697-4F96-9AA8-7D5B093F7CF6}.Release|Mixed Platforms.ActiveCfg = SingleImage
		{56F32AE9-2697-4F96-9AA8-7D5B093F7CF6}.Release|x86.ActiveCfg = SingleImage
		{56F32AE9-2697-4F96-9AA8-7D5B093F7CF6}.Release|x86.Build.0 = SingleImage
		{56F32AE9-2697-4F96-9AA8-7D5B093F7CF6}.SingleImage|Any CPU.ActiveCfg = SingleImage
		{56F32AE9-2697-4F96-9AA8-7D5B093F7CF6}.SingleImage|Any CPU.Build.0 = SingleImage
		{56F32AE9-2697-4F96-9AA8-7D5B093F7CF6}.SingleImage|Mixed Platforms.ActiveCfg = SingleImage
		{56F32AE9-2697-4F96-9AA8-7D5B093F7CF6}.SingleImage|Mixed Platforms.Build.0 = SingleImage
		{56F32AE9-2697-4F96-9AA8-7D5B093F7CF6}.SingleImage|x86.ActiveCfg = SingleImage
		{56F32AE9-2697-4F96-9AA8-7D5B093F7CF6}.SingleImage|x86.Build.0 = SingleImage
	EndGlobalSection
	GlobalSection(SolutionProperties) = preSolution
		HideSolutionNode = FALSE
	EndGlobalSection
EndGlobal
